// !$*UTF8*$!
{
	archiveVersion = 1;
	classes = {
	};
	objectVersion = 46;
	objects = {

/* Begin PBXBuildFile section */
		9BEED6E218895E220010487C /* Foundation.framework in Frameworks */ = {isa = PBXBuildFile; fileRef = 9BEED6E118895E220010487C /* Foundation.framework */; };
		9BEED6E418895E220010487C /* CoreGraphics.framework in Frameworks */ = {isa = PBXBuildFile; fileRef = 9BEED6E318895E220010487C /* CoreGraphics.framework */; };
		9BEED6E618895E220010487C /* UIKit.framework in Frameworks */ = {isa = PBXBuildFile; fileRef = 9BEED6E518895E220010487C /* UIKit.framework */; };
		9BEED6EC18895E220010487C /* InfoPlist.strings in Resources */ = {isa = PBXBuildFile; fileRef = 9BEED6EA18895E220010487C /* InfoPlist.strings */; };
		9BEED6EE18895E220010487C /* main.m in Sources */ = {isa = PBXBuildFile; fileRef = 9BEED6ED18895E220010487C /* main.m */; };
		9BEED6F218895E230010487C /* AppDelegate.m in Sources */ = {isa = PBXBuildFile; fileRef = 9BEED6F118895E230010487C /* AppDelegate.m */; };
		9BEED6F518895E230010487C /* Main.storyboard in Resources */ = {isa = PBXBuildFile; fileRef = 9BEED6F318895E230010487C /* Main.storyboard */; };
		9BEED6F818895E230010487C /* ViewController.m in Sources */ = {isa = PBXBuildFile; fileRef = 9BEED6F718895E230010487C /* ViewController.m */; };
		9BEED6FA18895E230010487C /* Images.xcassets in Resources */ = {isa = PBXBuildFile; fileRef = 9BEED6F918895E230010487C /* Images.xcassets */; };
		9BEED70118895E230010487C /* XCTest.framework in Frameworks */ = {isa = PBXBuildFile; fileRef = 9BEED70018895E230010487C /* XCTest.framework */; };
		9BEED70218895E230010487C /* Foundation.framework in Frameworks */ = {isa = PBXBuildFile; fileRef = 9BEED6E118895E220010487C /* Foundation.framework */; };
		9BEED70318895E230010487C /* UIKit.framework in Frameworks */ = {isa = PBXBuildFile; fileRef = 9BEED6E518895E220010487C /* UIKit.framework */; };
		9BEED70B18895E230010487C /* InfoPlist.strings in Resources */ = {isa = PBXBuildFile; fileRef = 9BEED70918895E230010487C /* InfoPlist.strings */; };
		9BEED70D18895E230010487C /* SampleRepoTests.m in Sources */ = {isa = PBXBuildFile; fileRef = 9BEED70C18895E230010487C /* SampleRepoTests.m */; };
/* End PBXBuildFile section */

/* Begin PBXContainerItemProxy section */
		9BEED70418895E230010487C /* PBXContainerItemProxy */ = {
			isa = PBXContainerItemProxy;
			containerPortal = 9BEED6D618895E220010487C /* Project object */;
			proxyType = 1;
			remoteGlobalIDString = 9BEED6DD18895E220010487C;
			remoteInfo = SampleRepo;
		};
/* End PBXContainerItemProxy section */

/* Begin PBXFileReference section */
		9BEED6DE18895E220010487C /* SampleRepo.app */ = {isa = PBXFileReference; explicitFileType = wrapper.application; includeInIndex = 0; path = SampleRepo.app; sourceTree = BUILT_PRODUCTS_DIR; };
		9BEED6E118895E220010487C /* Foundation.framework */ = {isa = PBXFileReference; lastKnownFileType = wrapper.framework; name = Foundation.framework; path = System/Library/Frameworks/Foundation.framework; sourceTree = SDKROOT; };
		9BEED6E318895E220010487C /* CoreGraphics.framework */ = {isa = PBXFileReference; lastKnownFileType = wrapper.framework; name = CoreGraphics.framework; path = System/Library/Frameworks/CoreGraphics.framework; sourceTree = SDKROOT; };
		9BEED6E518895E220010487C /* UIKit.framework */ = {isa = PBXFileReference; lastKnownFileType = wrapper.framework; name = UIKit.framework; path = System/Library/Frameworks/UIKit.framework; sourceTree = SDKROOT; };
		9BEED6E918895E220010487C /* SampleRepo-Info.plist */ = {isa = PBXFileReference; lastKnownFileType = text.plist.xml; path = "SampleRepo-Info.plist"; sourceTree = "<group>"; };
		9BEED6EB18895E220010487C /* en */ = {isa = PBXFileReference; lastKnownFileType = text.plist.strings; name = en; path = en.lproj/InfoPlist.strings; sourceTree = "<group>"; };
		9BEED6ED18895E220010487C /* main.m */ = {isa = PBXFileReference; lastKnownFileType = sourcecode.c.objc; path = main.m; sourceTree = "<group>"; };
		9BEED6EF18895E220010487C /* SampleRepo-Prefix.pch */ = {isa = PBXFileReference; lastKnownFileType = sourcecode.c.h; path = "SampleRepo-Prefix.pch"; sourceTree = "<group>"; };
		9BEED6F018895E220010487C /* AppDelegate.h */ = {isa = PBXFileReference; lastKnownFileType = sourcecode.c.h; path = AppDelegate.h; sourceTree = "<group>"; };
		9BEED6F118895E230010487C /* AppDelegate.m */ = {isa = PBXFileReference; lastKnownFileType = sourcecode.c.objc; path = AppDelegate.m; sourceTree = "<group>"; };
		9BEED6F418895E230010487C /* Base */ = {isa = PBXFileReference; lastKnownFileType = file.storyboard; name = Base; path = Base.lproj/Main.storyboard; sourceTree = "<group>"; };
		9BEED6F618895E230010487C /* ViewController.h */ = {isa = PBXFileReference; lastKnownFileType = sourcecode.c.h; path = ViewController.h; sourceTree = "<group>"; };
		9BEED6F718895E230010487C /* ViewController.m */ = {isa = PBXFileReference; lastKnownFileType = sourcecode.c.objc; path = ViewController.m; sourceTree = "<group>"; };
		9BEED6F918895E230010487C /* Images.xcassets */ = {isa = PBXFileReference; lastKnownFileType = folder.assetcatalog; path = Images.xcassets; sourceTree = "<group>"; };
		9BEED6FF18895E230010487C /* SampleRepoTests.xctest */ = {isa = PBXFileReference; explicitFileType = wrapper.cfbundle; includeInIndex = 0; path = SampleRepoTests.xctest; sourceTree = BUILT_PRODUCTS_DIR; };
		9BEED70018895E230010487C /* XCTest.framework */ = {isa = PBXFileReference; lastKnownFileType = wrapper.framework; name = XCTest.framework; path = Library/Frameworks/XCTest.framework; sourceTree = DEVELOPER_DIR; };
		9BEED70818895E230010487C /* SampleRepoTests-Info.plist */ = {isa = PBXFileReference; lastKnownFileType = text.plist.xml; path = "SampleRepoTests-Info.plist"; sourceTree = "<group>"; };
		9BEED70A18895E230010487C /* en */ = {isa = PBXFileReference; lastKnownFileType = text.plist.strings; name = en; path = en.lproj/InfoPlist.strings; sourceTree = "<group>"; };
		9BEED70C18895E230010487C /* SampleRepoTests.m */ = {isa = PBXFileReference; lastKnownFileType = sourcecode.c.objc; path = SampleRepoTests.m; sourceTree = "<group>"; };
/* End PBXFileReference section */

/* Begin PBXFrameworksBuildPhase section */
		9BEED6DB18895E220010487C /* Frameworks */ = {
			isa = PBXFrameworksBuildPhase;
			buildActionMask = 2147483647;
			files = (
				9BEED6E418895E220010487C /* CoreGraphics.framework in Frameworks */,
				9BEED6E618895E220010487C /* UIKit.framework in Frameworks */,
				9BEED6E218895E220010487C /* Foundation.framework in Frameworks */,
			);
			runOnlyForDeploymentPostprocessing = 0;
		};
		9BEED6FC18895E230010487C /* Frameworks */ = {
			isa = PBXFrameworksBuildPhase;
			buildActionMask = 2147483647;
			files = (
				9BEED70118895E230010487C /* XCTest.framework in Frameworks */,
				9BEED70318895E230010487C /* UIKit.framework in Frameworks */,
				9BEED70218895E230010487C /* Foundation.framework in Frameworks */,
			);
			runOnlyForDeploymentPostprocessing = 0;
		};
/* End PBXFrameworksBuildPhase section */

/* Begin PBXGroup section */
		9BEED6D518895E220010487C = {
			isa = PBXGroup;
			children = (
				9BEED6E718895E220010487C /* SampleRepo */,
				9BEED70618895E230010487C /* SampleRepoTests */,
				9BEED6E018895E220010487C /* Frameworks */,
				9BEED6DF18895E220010487C /* Products */,
			);
			sourceTree = "<group>";
		};
		9BEED6DF18895E220010487C /* Products */ = {
			isa = PBXGroup;
			children = (
				9BEED6DE18895E220010487C /* SampleRepo.app */,
				9BEED6FF18895E230010487C /* SampleRepoTests.xctest */,
			);
			name = Products;
			sourceTree = "<group>";
		};
		9BEED6E018895E220010487C /* Frameworks */ = {
			isa = PBXGroup;
			children = (
				9BEED6E118895E220010487C /* Foundation.framework */,
				9BEED6E318895E220010487C /* CoreGraphics.framework */,
				9BEED6E518895E220010487C /* UIKit.framework */,
				9BEED70018895E230010487C /* XCTest.framework */,
			);
			name = Frameworks;
			sourceTree = "<group>";
		};
		9BEED6E718895E220010487C /* SampleRepo */ = {
			isa = PBXGroup;
			children = (
				9BEED6F018895E220010487C /* AppDelegate.h */,
				9BEED6F118895E230010487C /* AppDelegate.m */,
				9BEED6F318895E230010487C /* Main.storyboard */,
				9BEED6F618895E230010487C /* ViewController.h */,
				9BEED6F718895E230010487C /* ViewController.m */,
				9BEED6F918895E230010487C /* Images.xcassets */,
				9BEED6E818895E220010487C /* Supporting Files */,
			);
			path = SampleRepo;
			sourceTree = "<group>";
		};
		9BEED6E818895E220010487C /* Supporting Files */ = {
			isa = PBXGroup;
			children = (
				9BEED6E918895E220010487C /* SampleRepo-Info.plist */,
				9BEED6EA18895E220010487C /* InfoPlist.strings */,
				9BEED6ED18895E220010487C /* main.m */,
				9BEED6EF18895E220010487C /* SampleRepo-Prefix.pch */,
			);
			name = "Supporting Files";
			sourceTree = "<group>";
		};
		9BEED70618895E230010487C /* SampleRepoTests */ = {
			isa = PBXGroup;
			children = (
				9BEED70C18895E230010487C /* SampleRepoTests.m */,
				9BEED70718895E230010487C /* Supporting Files */,
			);
			path = SampleRepoTests;
			sourceTree = "<group>";
		};
		9BEED70718895E230010487C /* Supporting Files */ = {
			isa = PBXGroup;
			children = (
				9BEED70818895E230010487C /* SampleRepoTests-Info.plist */,
				9BEED70918895E230010487C /* InfoPlist.strings */,
			);
			name = "Supporting Files";
			sourceTree = "<group>";
		};
/* End PBXGroup section */

/* Begin PBXNativeTarget section */
		9BEED6DD18895E220010487C /* SampleRepo */ = {
			isa = PBXNativeTarget;
			buildConfigurationList = 9BEED71018895E230010487C /* Build configuration list for PBXNativeTarget "SampleRepo" */;
			buildPhases = (
				9BEED6DA18895E220010487C /* Sources */,
				9BEED6DB18895E220010487C /* Frameworks */,
				9BEED6DC18895E220010487C /* Resources */,
			);
			buildRules = (
			);
			dependencies = (
			);
			name = SampleRepo;
			productName = SampleRepo;
			productReference = 9BEED6DE18895E220010487C /* SampleRepo.app */;
			productType = "com.apple.product-type.application";
		};
		9BEED6FE18895E230010487C /* SampleRepoTests */ = {
			isa = PBXNativeTarget;
			buildConfigurationList = 9BEED71318895E230010487C /* Build configuration list for PBXNativeTarget "SampleRepoTests" */;
			buildPhases = (
				9BEED6FB18895E230010487C /* Sources */,
				9BEED6FC18895E230010487C /* Frameworks */,
				9BEED6FD18895E230010487C /* Resources */,
			);
			buildRules = (
			);
			dependencies = (
				9BEED70518895E230010487C /* PBXTargetDependency */,
			);
			name = SampleRepoTests;
			productName = SampleRepoTests;
			productReference = 9BEED6FF18895E230010487C /* SampleRepoTests.xctest */;
			productType = "com.apple.product-type.bundle.unit-test";
		};
/* End PBXNativeTarget section */

/* Begin PBXProject section */
		9BEED6D618895E220010487C /* Project object */ = {
			isa = PBXProject;
			attributes = {
				LastUpgradeCheck = 0500;
				ORGANIZATIONNAME = Techjini;
				TargetAttributes = {
					9BEED6FE18895E230010487C = {
						TestTargetID = 9BEED6DD18895E220010487C;
					};
				};
			};
			buildConfigurationList = 9BEED6D918895E220010487C /* Build configuration list for PBXProject "SampleRepo" */;
			compatibilityVersion = "Xcode 3.2";
			developmentRegion = English;
			hasScannedForEncodings = 0;
			knownRegions = (
				en,
				Base,
			);
			mainGroup = 9BEED6D518895E220010487C;
			productRefGroup = 9BEED6DF18895E220010487C /* Products */;
			projectDirPath = "";
			projectRoot = "";
			targets = (
				9BEED6DD18895E220010487C /* SampleRepo */,
				9BEED6FE18895E230010487C /* SampleRepoTests */,
			);
		};
/* End PBXProject section */

/* Begin PBXResourcesBuildPhase section */
		9BEED6DC18895E220010487C /* Resources */ = {
			isa = PBXResourcesBuildPhase;
			buildActionMask = 2147483647;
			files = (
				9BEED6FA18895E230010487C /* Images.xcassets in Resources */,
				9BEED6EC18895E220010487C /* InfoPlist.strings in Resources */,
				9BEED6F518895E230010487C /* Main.storyboard in Resources */,
			);
			runOnlyForDeploymentPostprocessing = 0;
		};
		9BEED6FD18895E230010487C /* Resources */ = {
			isa = PBXResourcesBuildPhase;
			buildActionMask = 2147483647;
			files = (
				9BEED70B18895E230010487C /* InfoPlist.strings in Resources */,
			);
			runOnlyForDeploymentPostprocessing = 0;
		};
/* End PBXResourcesBuildPhase section */

/* Begin PBXSourcesBuildPhase section */
		9BEED6DA18895E220010487C /* Sources */ = {
			isa = PBXSourcesBuildPhase;
			buildActionMask = 2147483647;
			files = (
				9BEED6F818895E230010487C /* ViewController.m in Sources */,
				9BEED6F218895E230010487C /* AppDelegate.m in Sources */,
				9BEED6EE18895E220010487C /* main.m in Sources */,
			);
			runOnlyForDeploymentPostprocessing = 0;
		};
		9BEED6FB18895E230010487C /* Sources */ = {
			isa = PBXSourcesBuildPhase;
			buildActionMask = 2147483647;
			files = (
				9BEED70D18895E230010487C /* SampleRepoTests.m in Sources */,
			);
			runOnlyForDeploymentPostprocessing = 0;
		};
/* End PBXSourcesBuildPhase section */

/* Begin PBXTargetDependency section */
		9BEED70518895E230010487C /* PBXTargetDependency */ = {
			isa = PBXTargetDependency;
			target = 9BEED6DD18895E220010487C /* SampleRepo */;
			targetProxy = 9BEED70418895E230010487C /* PBXContainerItemProxy */;
		};
/* End PBXTargetDependency section */

/* Begin PBXVariantGroup section */
		9BEED6EA18895E220010487C /* InfoPlist.strings */ = {
			isa = PBXVariantGroup;
			children = (
				9BEED6EB18895E220010487C /* en */,
			);
			name = InfoPlist.strings;
			sourceTree = "<group>";
		};
		9BEED6F318895E230010487C /* Main.storyboard */ = {
			isa = PBXVariantGroup;
			children = (
				9BEED6F418895E230010487C /* Base */,
			);
			name = Main.storyboard;
			sourceTree = "<group>";
		};
		9BEED70918895E230010487C /* InfoPlist.strings */ = {
			isa = PBXVariantGroup;
			children = (
				9BEED70A18895E230010487C /* en */,
			);
			name = InfoPlist.strings;
			sourceTree = "<group>";
		};
/* End PBXVariantGroup section */

/* Begin XCBuildConfiguration section */
		9BEED70E18895E230010487C /* Debug */ = {
			isa = XCBuildConfiguration;
			buildSettings = {
				ALWAYS_SEARCH_USER_PATHS = NO;
				ARCHS = "$(ARCHS_STANDARD_INCLUDING_64_BIT)";
				CLANG_CXX_LANGUAGE_STANDARD = "gnu++0x";
				CLANG_CXX_LIBRARY = "libc++";
				CLANG_ENABLE_MODULES = YES;
				CLANG_ENABLE_OBJC_ARC = YES;
				CLANG_WARN_BOOL_CONVERSION = YES;
				CLANG_WARN_CONSTANT_CONVERSION = YES;
				CLANG_WARN_DIRECT_OBJC_ISA_USAGE = YES_ERROR;
				CLANG_WARN_EMPTY_BODY = YES;
				CLANG_WARN_ENUM_CONVERSION = YES;
				CLANG_WARN_INT_CONVERSION = YES;
				CLANG_WARN_OBJC_ROOT_CLASS = YES_ERROR;
				CLANG_WARN__DUPLICATE_METHOD_MATCH = YES;
				"CODE_SIGN_IDENTITY[sdk=iphoneos*]" = "iPhone Developer";
				COPY_PHASE_STRIP = NO;
				GCC_C_LANGUAGE_STANDARD = gnu99;
				GCC_DYNAMIC_NO_PIC = NO;
				GCC_OPTIMIZATION_LEVEL = 0;
				GCC_PREPROCESSOR_DEFINITIONS = (
					"DEBUG=1",
					"$(inherited)",
				);
				GCC_SYMBOLS_PRIVATE_EXTERN = NO;
				GCC_WARN_64_TO_32_BIT_CONVERSION = YES;
				GCC_WARN_ABOUT_RETURN_TYPE = YES_ERROR;
				GCC_WARN_UNDECLARED_SELECTOR = YES;
				GCC_WARN_UNINITIALIZED_AUTOS = YES;
				GCC_WARN_UNUSED_FUNCTION = YES;
				GCC_WARN_UNUSED_VARIABLE = YES;
				IPHONEOS_DEPLOYMENT_TARGET = 7.0;
				ONLY_ACTIVE_ARCH = YES;
				SDKROOT = iphoneos;
			};
			name = Debug;
		};
		9BEED70F18895E230010487C /* Release */ = {
			isa = XCBuildConfiguration;
			buildSettings = {
				ALWAYS_SEARCH_USER_PATHS = NO;
				ARCHS = "$(ARCHS_STANDARD_INCLUDING_64_BIT)";
				CLANG_CXX_LANGUAGE_STANDARD = "gnu++0x";
				CLANG_CXX_LIBRARY = "libc++";
				CLANG_ENABLE_MODULES = YES;
				CLANG_ENABLE_OBJC_ARC = YES;
				CLANG_WARN_BOOL_CONVERSION = YES;
				CLANG_WARN_CONSTANT_CONVERSION = YES;
				CLANG_WARN_DIRECT_OBJC_ISA_USAGE = YES_ERROR;
				CLANG_WARN_EMPTY_BODY = YES;
				CLANG_WARN_ENUM_CONVERSION = YES;
				CLANG_WARN_INT_CONVERSION = YES;
				CLANG_WARN_OBJC_ROOT_CLASS = YES_ERROR;
				CLANG_WARN__DUPLICATE_METHOD_MATCH = YES;
				"CODE_SIGN_IDENTITY[sdk=iphoneos*]" = "iPhone Developer";
				COPY_PHASE_STRIP = YES;
				ENABLE_NS_ASSERTIONS = NO;
				GCC_C_LANGUAGE_STANDARD = gnu99;
				GCC_WARN_64_TO_32_BIT_CONVERSION = YES;
				GCC_WARN_ABOUT_RETURN_TYPE = YES_ERROR;
				GCC_WARN_UNDECLARED_SELECTOR = YES;
				GCC_WARN_UNINITIALIZED_AUTOS = YES;
				GCC_WARN_UNUSED_FUNCTION = YES;
				GCC_WARN_UNUSED_VARIABLE = YES;
				IPHONEOS_DEPLOYMENT_TARGET = 7.0;
				SDKROOT = iphoneos;
				VALIDATE_PRODUCT = YES;
			};
			name = Release;
		};
		9BEED71118895E230010487C /* Debug */ = {
			isa = XCBuildConfiguration;
			buildSettings = {
				ASSETCATALOG_COMPILER_APPICON_NAME = AppIcon;
				ASSETCATALOG_COMPILER_LAUNCHIMAGE_NAME = LaunchImage;
				GCC_PRECOMPILE_PREFIX_HEADER = YES;
				GCC_PREFIX_HEADER = "SampleRepo/SampleRepo-Prefix.pch";
				INFOPLIST_FILE = "SampleRepo/SampleRepo-Info.plist";
				PRODUCT_NAME = "$(TARGET_NAME)";
				WRAPPER_EXTENSION = app;
			};
			name = Debug;
		};
		9BEED71218895E230010487C /* Release */ = {
			isa = XCBuildConfiguration;
			buildSettings = {
				ASSETCATALOG_COMPILER_APPICON_NAME = AppIcon;
				ASSETCATALOG_COMPILER_LAUNCHIMAGE_NAME = LaunchImage;
				GCC_PRECOMPILE_PREFIX_HEADER = YES;
				GCC_PREFIX_HEADER = "SampleRepo/SampleRepo-Prefix.pch";
				INFOPLIST_FILE = "SampleRepo/SampleRepo-Info.plist";
				PRODUCT_NAME = "$(TARGET_NAME)";
				WRAPPER_EXTENSION = app;
			};
			name = Release;
		};
		9BEED71418895E230010487C /* Debug */ = {
			isa = XCBuildConfiguration;
			buildSettings = {
				ARCHS = "$(ARCHS_STANDARD_INCLUDING_64_BIT)";
				BUNDLE_LOADER = "$(BUILT_PRODUCTS_DIR)/SampleRepo.app/SampleRepo";
				FRAMEWORK_SEARCH_PATHS = (
					"$(SDKROOT)/Developer/Library/Frameworks",
					"$(inherited)",
					"$(DEVELOPER_FRAMEWORKS_DIR)",
				);
				GCC_PRECOMPILE_PREFIX_HEADER = YES;
				GCC_PREFIX_HEADER = "SampleRepo/SampleRepo-Prefix.pch";
				GCC_PREPROCESSOR_DEFINITIONS = (
					"DEBUG=1",
					"$(inherited)",
				);
				INFOPLIST_FILE = "SampleRepoTests/SampleRepoTests-Info.plist";
				PRODUCT_NAME = "$(TARGET_NAME)";
				TEST_HOST = "$(BUNDLE_LOADER)";
				WRAPPER_EXTENSION = xctest;
			};
			name = Debug;
		};
		9BEED71518895E230010487C /* Release */ = {
			isa = XCBuildConfiguration;
			buildSettings = {
				ARCHS = "$(ARCHS_STANDARD_INCLUDING_64_BIT)";
				BUNDLE_LOADER = "$(BUILT_PRODUCTS_DIR)/SampleRepo.app/SampleRepo";
				FRAMEWORK_SEARCH_PATHS = (
					"$(SDKROOT)/Developer/Library/Frameworks",
					"$(inherited)",
					"$(DEVELOPER_FRAMEWORKS_DIR)",
				);
				GCC_PRECOMPILE_PREFIX_HEADER = YES;
				GCC_PREFIX_HEADER = "SampleRepo/SampleRepo-Prefix.pch";
				INFOPLIST_FILE = "SampleRepoTests/SampleRepoTests-Info.plist";
				PRODUCT_NAME = "$(TARGET_NAME)";
				TEST_HOST = "$(BUNDLE_LOADER)";
				WRAPPER_EXTENSION = xctest;
			};
			name = Release;
		};
/* End XCBuildConfiguration section */

/* Begin XCConfigurationList section */
		9BEED6D918895E220010487C /* Build configuration list for PBXProject "SampleRepo" */ = {
			isa = XCConfigurationList;
			buildConfigurations = (
				9BEED70E18895E230010487C /* Debug */,
				9BEED70F18895E230010487C /* Release */,
			);
			defaultConfigurationIsVisible = 0;
			defaultConfigurationName = Release;
		};
		9BEED71018895E230010487C /* Build configuration list for PBXNativeTarget "SampleRepo" */ = {
			isa = XCConfigurationList;
			buildConfigurations = (
				9BEED71118895E230010487C /* Debug */,
				9BEED71218895E230010487C /* Release */,
			);
			defaultConfigurationIsVisible = 0;
		};
		9BEED71318895E230010487C /* Build configuration list for PBXNativeTarget "SampleRepoTests" */ = {
			isa = XCConfigurationList;
			buildConfigurations = (
				9BEED71418895E230010487C /* Debug */,
				9BEED71518895E230010487C /* Release */,
			);
			defaultConfigurationIsVisible = 0;
		};
/* End XCConfigurationList section */
	};
	rootObject = 9BEED6D618895E220010487C /* Project object */;
}
